{
    "_meta": {
        "hash": {
            "sha256": "a3f2b68621eb2fbb429f4a9f7bc8f8ea201a74cadecde0907b6387ca1d18c987"
        },
        "pipfile-spec": 6,
        "requires": {},
        "sources": [
            {
                "name": "pypi",
                "url": "https://pypi.org/simple",
                "verify_ssl": true
            }
        ]
    },
    "default": {
        "numpy": {
            "hashes": [
                "sha256:1dbe1c91269f880e364526649a52eff93ac30035507ae980d2fed33aaee633ac",
                "sha256:357768c2e4451ac241465157a3e929b265dfac85d9214074985b1786244f2ef3",
                "sha256:3820724272f9913b597ccd13a467cc492a0da6b05df26ea09e78b171a0bb9da6",
                "sha256:4391bd07606be175aafd267ef9bea87cf1b8210c787666ce82073b05f202add1",
                "sha256:4aa48afdce4660b0076a00d80afa54e8a97cd49f457d68a4342d188a09451c1a",
                "sha256:58459d3bad03343ac4b1b42ed14d571b8743dc80ccbf27444f266729df1d6f5b",
                "sha256:5c3c8def4230e1b959671eb959083661b4a0d2e9af93ee339c7dada6759a9470",
                "sha256:5f30427731561ce75d7048ac254dbe47a2ba576229250fb60f0fb74db96501a1",
                "sha256:643843bcc1c50526b3a71cd2ee561cf0d8773f062c8cbaf9ffac9fdf573f83ab",
                "sha256:67c261d6c0a9981820c3a149d255a76918278a6b03b6a036800359aba1256d46",
                "sha256:67f21981ba2f9d7ba9ade60c9e8cbaa8cf8e9ae51673934480e45cf55e953673",
                "sha256:6aaf96c7f8cebc220cdfc03f1d5a31952f027dda050e5a703a0d1c396075e3e7",
                "sha256:7c4068a8c44014b2d55f3c3f574c376b2494ca9cc73d2f1bd692382b6dffe3db",
                "sha256:7c7e5fa88d9ff656e067876e4736379cc962d185d5cd808014a8a928d529ef4e",
                "sha256:7f5ae4f304257569ef3b948810816bc87c9146e8c446053539947eedeaa32786",
                "sha256:82691fda7c3f77c90e62da69ae60b5ac08e87e775b09813559f8901a88266552",
                "sha256:8737609c3bbdd48e380d463134a35ffad3b22dc56295eff6f79fd85bd0eeeb25",
                "sha256:9f411b2c3f3d76bba0865b35a425157c5dcf54937f82bbeb3d3c180789dd66a6",
                "sha256:a6be4cb0ef3b8c9250c19cc122267263093eee7edd4e3fa75395dfda8c17a8e2",
                "sha256:bcb238c9c96c00d3085b264e5c1a1207672577b93fa666c3b14a45240b14123a",
                "sha256:bf2ec4b75d0e9356edea834d1de42b31fe11f726a81dfb2c2112bc1eaa508fcf",
                "sha256:d136337ae3cc69aa5e447e78d8e1514be8c3ec9b54264e680cf0b4bd9011574f",
                "sha256:d4bf4d43077db55589ffc9009c0ba0a94fa4908b9586d6ccce2e0b164c86303c",
                "sha256:d6a96eef20f639e6a97d23e57dd0c1b1069a7b4fd7027482a4c5c451cd7732f4",
                "sha256:d9caa9d5e682102453d96a0ee10c7241b72859b01a941a397fd965f23b3e016b",
                "sha256:dd1c8f6bd65d07d3810b90d02eba7997e32abbdf1277a481d698969e921a3be0",
                "sha256:e31f0bb5928b793169b87e3d1e070f2342b22d5245c755e2b81caa29756246c3",
                "sha256:ecb55251139706669fdec2ff073c98ef8e9a84473e51e716211b41aa0f18e656",
                "sha256:ee5ec40fdd06d62fe5d4084bef4fd50fd4bb6bfd2bf519365f569dc470163ab0",
                "sha256:f17e562de9edf691a42ddb1eb4a5541c20dd3f9e65b09ded2beb0799c0cf29bb",
                "sha256:fdffbfb6832cd0b300995a2b08b8f6fa9f6e856d562800fea9182316d99c4e8e"
            ],
            "markers": "python_version >= '3.7'",
            "version": "==1.21.6"
        },
        "opencv-contrib-python": {
            "hashes": [
                "sha256:0475049095da1693ce2bfade4d26482b51f23c822facfe8718cd5490d56a6094",
                "sha256:18ca5c322992c07a8d71f1907286bf89cd776fe3ec91b94ffd7e27b91c899ce7",
                "sha256:1bdf4feac3bbffd528fea514a2a26885381d7eee5974d45845cb7ea6e9cc31fa",
                "sha256:1c7baaa7c22550111773f1c31761913d3f08b80bdea7c2022ae52d4de35ea193",
                "sha256:2930518f5a397ef24d07d0d02a131e66e8d1d7cc81ff840c09c466d7410f4cb0",
                "sha256:2b62c6661b67eb50b6bc4138b6f694d17a92a3395059d066e35ff65ffbf41e2e",
                "sha256:36b06bd9329d4fdc0d7bbb22f5ffa7d02e57137ecd5b0922ad1a5085390a392f",
                "sha256:36c65d9d6b1b54d111e8c1886fdb37d03e8aec5abd3e1e3d19a43749a11cd71d",
                "sha256:43c3e2d78b87f2c5fb9b86848b918fb60956d87e11465813ea4eae9ef4bd94e7",
                "sha256:4e55f625a3246767e7bcb10f8d0197834d6e47c938e02285abfac31df8ff7855",
                "sha256:566148d217c9c5b117e190d818510cd54398a7e47c87b16ce46dcf966b785cda",
                "sha256:57331a3ba5d4e1f4c2d2648e34fb37d6db1ff40b18b2334c652f55d5aa47b147",
                "sha256:585c1aeed4c1f62e25df64f266cfc9abd508350533424aa0d4893a7218db387f",
                "sha256:5af918643c5b229ddefc1efbd2cc5c476ac3fd1c7e7435d5e27a1228aee62a03",
                "sha256:5b5aa92d0d91c61901efbd4e630685be25fe2792cfff725a9f752fd4a16ad1b2",
                "sha256:5d73321808b7d5df5ac336f8593359f3a9cf7c804db7a503801374975d1c4d3e",
                "sha256:84a5289277ca4234b7cf2da95ba48f73fe090e4929faf5c96de55e51f0968bf1",
                "sha256:8538be27d894b0b3fe645f9690110d3f031f5d581a4a0670bf2fd15139328946",
                "sha256:91ebfea477d88da016940ce61df2b2eaa5fe9fdfd46fb44a9c0a534f76058040",
                "sha256:93ca55ae5b2aedab19b75a512ea1ffc3bbfb0a89bb522d27bbca657b15091231",
                "sha256:a7aaacc3edc99737eb749b2842bc88924b4864d2ef091171dcd36abadd5176d3",
                "sha256:a89c6b6e90abb4158baf1a61afd83a205b4a7dabbac1b40149812eb4899fff06",
                "sha256:dc18e6a3c06b5934c037edaed9f284aee84c398712bfb5290f6a00195e53b1cd",
                "sha256:df8391c4efe0b7efcfc874196317ad9ab127923be1efc0f5b447e95b90435f30",
                "sha256:e7e6d423846e4e7710d31864c010c32dfc331729e7d1a87d3a2c88788e5f5ebb",
                "sha256:ec44976a2fb344d4c803fcc0d9873f39525269ecac3253b07811bdea41750b98",
                "sha256:f5bec4ab094958488d25d7ebbb805b8ee49cd58a6ed0983d13fffa0dcb5276f6"
            ],
            "index": "pypi",
            "version": "==4.1.0.25"
        },
        "opencv-python": {
            "hashes": [
                "sha256:31ec48d7eca13fc25c287dea7cecab453976e372cad8f50d55c054a247efda21"
            ],
            "index": "pypi",
            "version": "==4.1.0.25"
        },
        "opencv-python-headless": {
            "hashes": [
                "sha256:13a9746459029c0bd64713ec81b5a57aad6e1a5dc672ee1e44708a46f5f099f6",
                "sha256:2444b3f351182f0707cafab76b935134a2ee94579e669b7dae14648acd243e93",
                "sha256:2504f27f53d419d2dbffb0390d512d666bf9aa0eb66114b4b81e1ed266282e8e",
                "sha256:3020c6a996cea3a8d36ef5c49c8641a8f32a2bb77944128749af756de2946d6e",
                "sha256:3a30ad348e8cfcab5ded9e927220bc07b18d4a26ebde20c323a35054693d91ae",
                "sha256:3dacdf4c5f9b17bd0e763c0e4399bc516bc9027ef6fac2dd1b2547a4f32ceefc",
                "sha256:408428eb7c7d8075b915ba86012177cedc4018bc3ff69b018f33042a86c8f208",
                "sha256:40fcb7de9d92b1b69e03f7de9d5d976f2cbd34eabe7df3f12c41d525e51b49d7",
                "sha256:5193fd3608ac9e6382df74c04016bdd55ff913328660b4e2419508fc0e88386e",
                "sha256:536b3f25cbe832a89dd84e526a6f7a262cb98d9b4fb566bf63438b7165979abc",
                "sha256:55a8361257c21272b08d782c7847754c664861472c72f07862c4880a6dcc1ae8",
                "sha256:57a9815214a420180471521265687413e057e8ee19fa3f30ca5d5f4ac1f41ffa",
                "sha256:5f1f5b0325cfd50cd58fc64bf66feed56238305e41450f04ab450092e18ee95b",
                "sha256:6e1f82e8a8d171bcb3dec08404e824aaedca9f12d9b957893c3c0f76d7aa5243",
                "sha256:7709abc1c1341b831bf30d2b2afaa4877bdcab7dd775c94864608c08067e65b9",
                "sha256:84ed23093b5da546ae0adf36182d3893940ea1f8ba38ea84f6d13ee9220bcff8",
                "sha256:8691c1b8059ad760f776eb7b87b1ec1202832ef0938497f5e8b8c857ea3ed8ce",
                "sha256:905c08a483137f2edd362d46420bc1c88f026b4889840b1af8b43ad29e7c2a9c",
                "sha256:94e84603a0f3dbf869fb166d0ec086adfcbaa8f97957d8b68b9788168d1462d4",
                "sha256:968587e6f251128830fd449b87829e8be1d7d35d5263c7a6d2698a58dd8e84ff",
                "sha256:a71b5bdb39c99d706493b5dc4fd7cb803ece6ac54b9115ac7aa3c4dfb1338348",
                "sha256:ac059ce7c4a8162b208d403c4418ea951e354416339ad6859b47ddc80ba9d0a8",
                "sha256:af4ccd244398d7cee5f416591b8672ae38c4da278bd89b449c0ee4d1d8391e03",
                "sha256:b31f50e6dfbeaa40164630dd3b4f3274d0378da39c6ad85e172cecc66b4074b4",
                "sha256:c8b64eaca2bd59c15db31e30cbe02151162525e855ebd79efa66d789ac0f9191",
                "sha256:e3aa46a96c5b65eab349266aecfcc3297f3ac59b86314c1507558dcb978baa02",
                "sha256:fd119b75ceec1e64a3ff9bad0096445851bc8e3ba89cdccc11cf80db2244c2df"
            ],
            "index": "pypi",
            "version": "==4.1.0.25"
        },
        "pyserial": {
            "hashes": [
                "sha256:3c77e014170dfffbd816e6ffc205e9842efb10be9f58ec16d3e8675b4925cddb",
                "sha256:c4451db6ba391ca6ca299fb3ec7bae67a5c55dde170964c7a14ceefec02f2cf0"
            ],
            "index": "pypi",
            "version": "==3.5"
        }
    },
    "develop": {}
}
